// !$*UTF8*$!
{
	archiveVersion = 1;
	classes = {
	};
	objectVersion = 50;
	objects = {

/* Begin PBXBuildFile section */
		7246503E210CC0D1006435FF /* ViewController.swift in Sources */ = {isa = PBXBuildFile; fileRef = 7246503D210CC0D1006435FF /* ViewController.swift */; };
		72465041210CC0D1006435FF /* Main.storyboard in Resources */ = {isa = PBXBuildFile; fileRef = 7246503F210CC0D1006435FF /* Main.storyboard */; };
		72465043210CC0D2006435FF /* Assets.xcassets in Resources */ = {isa = PBXBuildFile; fileRef = 72465042210CC0D2006435FF /* Assets.xcassets */; };
		7246504F210CC1F9006435FF /* PlayingCard.swift in Sources */ = {isa = PBXBuildFile; fileRef = 7246504E210CC1F9006435FF /* PlayingCard.swift */; };
		72465051210CCA34006435FF /* PlayingCardDeck.swift in Sources */ = {isa = PBXBuildFile; fileRef = 72465050210CCA34006435FF /* PlayingCardDeck.swift */; };
		72465054210CD498006435FF /* AppDelegate.swift in Sources */ = {isa = PBXBuildFile; fileRef = 72465052210CD498006435FF /* AppDelegate.swift */; };
		72465055210CD498006435FF /* LaunchScreen.storyboard in Resources */ = {isa = PBXBuildFile; fileRef = 72465053210CD498006435FF /* LaunchScreen.storyboard */; };
/* End PBXBuildFile section */

/* Begin PBXFileReference section */
		72465038210CC0D1006435FF /* PlayingCard---sam.app */ = {isa = PBXFileReference; explicitFileType = wrapper.application; includeInIndex = 0; path = "PlayingCard---sam.app"; sourceTree = BUILT_PRODUCTS_DIR; };
		7246503D210CC0D1006435FF /* ViewController.swift */ = {isa = PBXFileReference; lastKnownFileType = sourcecode.swift; path = ViewController.swift; sourceTree = "<group>"; };
		72465040210CC0D1006435FF /* Base */ = {isa = PBXFileReference; lastKnownFileType = file.storyboard; name = Base; path = Base.lproj/Main.storyboard; sourceTree = "<group>"; };
		72465042210CC0D2006435FF /* Assets.xcassets */ = {isa = PBXFileReference; lastKnownFileType = folder.assetcatalog; path = Assets.xcassets; sourceTree = "<group>"; };
		72465047210CC0D2006435FF /* Info.plist */ = {isa = PBXFileReference; lastKnownFileType = text.plist.xml; path = Info.plist; sourceTree = "<group>"; };
		7246504E210CC1F9006435FF /* PlayingCard.swift */ = {isa = PBXFileReference; lastKnownFileType = sourcecode.swift; path = PlayingCard.swift; sourceTree = "<group>"; };
		72465050210CCA34006435FF /* PlayingCardDeck.swift */ = {isa = PBXFileReference; lastKnownFileType = sourcecode.swift; path = PlayingCardDeck.swift; sourceTree = "<group>"; };
		72465052210CD498006435FF /* AppDelegate.swift */ = {isa = PBXFileReference; fileEncoding = 4; lastKnownFileType = sourcecode.swift; path = AppDelegate.swift; sourceTree = "<group>"; };
		72465053210CD498006435FF /* LaunchScreen.storyboard */ = {isa = PBXFileReference; fileEncoding = 4; lastKnownFileType = file.storyboard; path = LaunchScreen.storyboard; sourceTree = "<group>"; };
/* End PBXFileReference section */

/* Begin PBXFrameworksBuildPhase section */
		72465035210CC0D1006435FF /* Frameworks */ = {
			isa = PBXFrameworksBuildPhase;
			buildActionMask = 2147483647;
			files = (
			);
			runOnlyForDeploymentPostprocessing = 0;
		};
/* End PBXFrameworksBuildPhase section */

/* Begin PBXGroup section */
		7246502F210CC0D1006435FF = {
			isa = PBXGroup;
			children = (
				7246503A210CC0D1006435FF /* PlayingCard---sam */,
				72465039210CC0D1006435FF /* Products */,
			);
			sourceTree = "<group>";
		};
		72465039210CC0D1006435FF /* Products */ = {
			isa = PBXGroup;
			children = (
				72465038210CC0D1006435FF /* PlayingCard---sam.app */,
			);
			name = Products;
			sourceTree = "<group>";
		};
		7246503A210CC0D1006435FF /* PlayingCard---sam */ = {
			isa = PBXGroup;
			children = (
				7246503D210CC0D1006435FF /* ViewController.swift */,
				7246503F210CC0D1006435FF /* Main.storyboard */,
				72465042210CC0D2006435FF /* Assets.xcassets */,
				7246504D210CC19D006435FF /* Supporting Files */,
				72465047210CC0D2006435FF /* Info.plist */,
				7246504E210CC1F9006435FF /* PlayingCard.swift */,
				72465050210CCA34006435FF /* PlayingCardDeck.swift */,
			);
			path = "PlayingCard---sam";
			sourceTree = "<group>";
		};
		7246504D210CC19D006435FF /* Supporting Files */ = {
			isa = PBXGroup;
			children = (
				72465052210CD498006435FF /* AppDelegate.swift */,
				72465053210CD498006435FF /* LaunchScreen.storyboard */,
			);
			path = "Supporting Files";
			sourceTree = "<group>";
		};
/* End PBXGroup section */

/* Begin PBXNativeTarget section */
		72465037210CC0D1006435FF /* PlayingCard---sam */ = {
			isa = PBXNativeTarget;
			buildConfigurationList = 7246504A210CC0D2006435FF /* Build configuration list for PBXNativeTarget "PlayingCard---sam" */;
			buildPhases = (
				72465034210CC0D1006435FF /* Sources */,
				72465035210CC0D1006435FF /* Frameworks */,
				72465036210CC0D1006435FF /* Resources */,
			);
			buildRules = (
			);
			dependencies = (
			);
			name = "PlayingCard---sam";
			productName = "PlayingCard---sam";
			productReference = 72465038210CC0D1006435FF /* PlayingCard---sam.app */;
			productType = "com.apple.product-type.application";
		};
/* End PBXNativeTarget section */

/* Begin PBXProject section */
		72465030210CC0D1006435FF /* Project object */ = {
			isa = PBXProject;
			attributes = {
				LastSwiftUpdateCheck = 0940;
				LastUpgradeCheck = 0940;
				ORGANIZATIONNAME = Inobus;
				TargetAttributes = {
					72465037210CC0D1006435FF = {
						CreatedOnToolsVersion = 9.4.1;
					};
				};
			};
			buildConfigurationList = 72465033210CC0D1006435FF /* Build configuration list for PBXProject "PlayingCard---sam" */;
			compatibilityVersion = "Xcode 9.3";
			developmentRegion = en;
			hasScannedForEncodings = 0;
			knownRegions = (
				en,
				Base,
			);
			mainGroup = 7246502F210CC0D1006435FF;
			productRefGroup = 72465039210CC0D1006435FF /* Products */;
			projectDirPath = "";
			projectRoot = "";
			targets = (
				72465037210CC0D1006435FF /* PlayingCard---sam */,
			);
		};
/* End PBXProject section */

/* Begin PBXResourcesBuildPhase section */
		72465036210CC0D1006435FF /* Resources */ = {
			isa = PBXResourcesBuildPhase;
			buildActionMask = 2147483647;
			files = (
				72465055210CD498006435FF /* LaunchScreen.storyboard in Resources */,
				72465043210CC0D2006435FF /* Assets.xcassets in Resources */,
				72465041210CC0D1006435FF /* Main.storyboard in Resources */,
			);
			runOnlyForDeploymentPostprocessing = 0;
		};
/* End PBXResourcesBuildPhase section */

/* Begin PBXSourcesBuildPhase section */
		72465034210CC0D1006435FF /* Sources */ = {
			isa = PBXSourcesBuildPhase;
			buildActionMask = 2147483647;
			files = (
				72465054210CD498006435FF /* AppDelegate.swift in Sources */,
				72465051210CCA34006435FF /* PlayingCardDeck.swift in Sources */,
				7246504F210CC1F9006435FF /* PlayingCard.swift in Sources */,
				7246503E210CC0D1006435FF /* ViewController.swift in Sources */,
			);
			runOnlyForDeploymentPostprocessing = 0;
		};
/* End PBXSourcesBuildPhase section */

/* Begin PBXVariantGroup section */
		7246503F210CC0D1006435FF /* Main.storyboard */ = {
			isa = PBXVariantGroup;
			children = (
				72465040210CC0D1006435FF /* Base */,
			);
			name = Main.storyboard;
			sourceTree = "<group>";
		};
/* End PBXVariantGroup section */

/* Begin XCBuildConfiguration section */
		72465048210CC0D2006435FF /* Debug */ = {
			isa = XCBuildConfiguration;
			buildSettings = {
				ALWAYS_SEARCH_USER_PATHS = NO;
				CLANG_ANALYZER_NONNULL = YES;
				CLANG_ANALYZER_NUMBER_OBJECT_CONVERSION = YES_AGGRESSIVE;
				CLANG_CXX_LANGUAGE_STANDARD = "gnu++14";
				CLANG_CXX_LIBRARY = "libc++";
				CLANG_ENABLE_MODULES = YES;
				CLANG_ENABLE_OBJC_ARC = YES;
				CLANG_ENABLE_OBJC_WEAK = YES;
				CLANG_WARN_BLOCK_CAPTURE_AUTORELEASING = YES;
				CLANG_WARN_BOOL_CONVERSION = YES;
				CLANG_WARN_COMMA = YES;
				CLANG_WARN_CONSTANT_CONVERSION = YES;
				CLANG_WARN_DEPRECATED_OBJC_IMPLEMENTATIONS = YES;
				CLANG_WARN_DIRECT_OBJC_ISA_USAGE = YES_ERROR;
				CLANG_WARN_DOCUMENTATION_COMMENTS = YES;
				CLANG_WARN_EMPTY_BODY = YES;
				CLANG_WARN_ENUM_CONVERSION = YES;
				CLANG_WARN_INFINITE_RECURSION = YES;
				CLANG_WARN_INT_CONVERSION = YES;
				CLANG_WARN_NON_LITERAL_NULL_CONVERSION = YES;
				CLANG_WARN_OBJC_IMPLICIT_RETAIN_SELF = YES;
				CLANG_WARN_OBJC_LITERAL_CONVERSION = YES;
				CLANG_WARN_OBJC_ROOT_CLASS = YES_ERROR;
				CLANG_WARN_RANGE_LOOP_ANALYSIS = YES;
				CLANG_WARN_STRICT_PROTOTYPES = YES;
				CLANG_WARN_SUSPICIOUS_MOVE = YES;
				CLANG_WARN_UNGUARDED_AVAILABILITY = YES_AGGRESSIVE;
				CLANG_WARN_UNREACHABLE_CODE = YES;
				CLANG_WARN__DUPLICATE_METHOD_MATCH = YES;
				CODE_SIGN_IDENTITY = "iPhone Developer";
				COPY_PHASE_STRIP = NO;
				DEBUG_INFORMATION_FORMAT = dwarf;
				ENABLE_STRICT_OBJC_MSGSEND = YES;
				ENABLE_TESTABILITY = YES;
				GCC_C_LANGUAGE_STANDARD = gnu11;
				GCC_DYNAMIC_NO_PIC = NO;
				GCC_NO_COMMON_BLOCKS = YES;
				GCC_OPTIMIZATION_LEVEL = 0;
				GCC_PREPROCESSOR_DEFINITIONS = (
					"DEBUG=1",
					"$(inherited)",
				);
				GCC_WARN_64_TO_32_BIT_CONVERSION = YES;
				GCC_WARN_ABOUT_RETURN_TYPE = YES_ERROR;
				GCC_WARN_UNDECLARED_SELECTOR = YES;
				GCC_WARN_UNINITIALIZED_AUTOS = YES_AGGRESSIVE;
				GCC_WARN_UNUSED_FUNCTION = YES;
				GCC_WARN_UNUSED_VARIABLE = YES;
				IPHONEOS_DEPLOYMENT_TARGET = 11.4;
				MTL_ENABLE_DEBUG_INFO = YES;
				ONLY_ACTIVE_ARCH = YES;
				SDKROOT = iphoneos;
				SWIFT_ACTIVE_COMPILATION_CONDITIONS = DEBUG;
				SWIFT_OPTIMIZATION_LEVEL = "-Onone";
			};
			name = Debug;
		};
		72465049210CC0D2006435FF /* Release */ = {
			isa = XCBuildConfiguration;
			buildSettings = {
				ALWAYS_SEARCH_USER_PATHS = NO;
				CLANG_ANALYZER_NONNULL = YES;
				CLANG_ANALYZER_NUMBER_OBJECT_CONVERSION = YES_AGGRESSIVE;
				CLANG_CXX_LANGUAGE_STANDARD = "gnu++14";
				CLANG_CXX_LIBRARY = "libc++";
				CLANG_ENABLE_MODULES = YES;
				CLANG_ENABLE_OBJC_ARC = YES;
				CLANG_ENABLE_OBJC_WEAK = YES;
				CLANG_WARN_BLOCK_CAPTURE_AUTORELEASING = YES;
				CLANG_WARN_BOOL_CONVERSION = YES;
				CLANG_WARN_COMMA = YES;
				CLANG_WARN_CONSTANT_CONVERSION = YES;
				CLANG_WARN_DEPRECATED_OBJC_IMPLEMENTATIONS = YES;
				CLANG_WARN_DIRECT_OBJC_ISA_USAGE = YES_ERROR;
				CLANG_WARN_DOCUMENTATION_COMMENTS = YES;
				CLANG_WARN_EMPTY_BODY = YES;
				CLANG_WARN_ENUM_CONVERSION = YES;
				CLANG_WARN_INFINITE_RECURSION = YES;
				CLANG_WARN_INT_CONVERSION = YES;
				CLANG_WARN_NON_LITERAL_NULL_CONVERSION = YES;
				CLANG_WARN_OBJC_IMPLICIT_RETAIN_SELF = YES;
				CLANG_WARN_OBJC_LITERAL_CONVERSION = YES;
				CLANG_WARN_OBJC_ROOT_CLASS = YES_ERROR;
				CLANG_WARN_RANGE_LOOP_ANALYSIS = YES;
				CLANG_WARN_STRICT_PROTOTYPES = YES;
				CLANG_WARN_SUSPICIOUS_MOVE = YES;
				CLANG_WARN_UNGUARDED_AVAILABILITY = YES_AGGRESSIVE;
				CLANG_WARN_UNREACHABLE_CODE = YES;
				CLANG_WARN__DUPLICATE_METHOD_MATCH = YES;
				CODE_SIGN_IDENTITY = "iPhone Developer";
				COPY_PHASE_STRIP = NO;
				DEBUG_INFORMATION_FORMAT = "dwarf-with-dsym";
				ENABLE_NS_ASSERTIONS = NO;
				ENABLE_STRICT_OBJC_MSGSEND = YES;
				GCC_C_LANGUAGE_STANDARD = gnu11;
				GCC_NO_COMMON_BLOCKS = YES;
				GCC_WARN_64_TO_32_BIT_CONVERSION = YES;
				GCC_WARN_ABOUT_RETURN_TYPE = YES_ERROR;
				GCC_WARN_UNDECLARED_SELECTOR = YES;
				GCC_WARN_UNINITIALIZED_AUTOS = YES_AGGRESSIVE;
				GCC_WARN_UNUSED_FUNCTION = YES;
				GCC_WARN_UNUSED_VARIABLE = YES;
				IPHONEOS_DEPLOYMENT_TARGET = 11.4;
				MTL_ENABLE_DEBUG_INFO = NO;
				SDKROOT = iphoneos;
				SWIFT_COMPILATION_MODE = wholemodule;
				SWIFT_OPTIMIZATION_LEVEL = "-O";
				VALIDATE_PRODUCT = YES;
			};
			name = Release;
		};
		7246504B210CC0D2006435FF /* Debug */ = {
			isa = XCBuildConfiguration;
			buildSettings = {
				ASSETCATALOG_COMPILER_APPICON_NAME = AppIcon;
				CODE_SIGN_STYLE = Automatic;
				DEVELOPMENT_TEAM = 6B4G67CAPP;
				INFOPLIST_FILE = "PlayingCard---sam/Info.plist";
				LD_RUNPATH_SEARCH_PATHS = (
					"$(inherited)",
					"@executable_path/Frameworks",
				);
				PRODUCT_BUNDLE_IDENTIFIER = "us.inob.PlayingCard---sam";
				PRODUCT_NAME = "$(TARGET_NAME)";
				SWIFT_VERSION = 4.0;
				TARGETED_DEVICE_FAMILY = "1,2";
			};
			name = Debug;
		};
		7246504C210CC0D2006435FF /* Release */ = {
			isa = XCBuildConfiguration;
			buildSettings = {
				ASSETCATALOG_COMPILER_APPICON_NAME = AppIcon;
				CODE_SIGN_STYLE = Automatic;
				DEVELOPMENT_TEAM = 6B4G67CAPP;
				INFOPLIST_FILE = "PlayingCard---sam/Info.plist";
				LD_RUNPATH_SEARCH_PATHS = (
					"$(inherited)",
					"@executable_path/Frameworks",
				);
				PRODUCT_BUNDLE_IDENTIFIER = "us.inob.PlayingCard---sam";
				PRODUCT_NAME = "$(TARGET_NAME)";
				SWIFT_VERSION = 4.0;
				TARGETED_DEVICE_FAMILY = "1,2";
			};
			name = Release;
		};
/* End XCBuildConfiguration section */

/* Begin XCConfigurationList section */
		72465033210CC0D1006435FF /* Build configuration list for PBXProject "PlayingCard---sam" */ = {
			isa = XCConfigurationList;
			buildConfigurations = (
				72465048210CC0D2006435FF /* Debug */,
				72465049210CC0D2006435FF /* Release */,
			);
			defaultConfigurationIsVisible = 0;
			defaultConfigurationName = Release;
		};
		7246504A210CC0D2006435FF /* Build configuration list for PBXNativeTarget "PlayingCard---sam" */ = {
			isa = XCConfigurationList;
			buildConfigurations = (
				7246504B210CC0D2006435FF /* Debug */,
				7246504C210CC0D2006435FF /* Release */,
			);
			defaultConfigurationIsVisible = 0;
			defaultConfigurationName = Release;
		};
/* End XCConfigurationList section */
	};
	rootObject = 72465030210CC0D1006435FF /* Project object */;
}
